
Microsoft Visual Studio Solution File, Format Version 12.00
# Visual Studio Version 16
VisualStudioVersion = 16.0.30611.23
MinimumVisualStudioVersion = 10.0.40219.1
Project("{FAE04EC0-301F-11D3-BF4B-00C04F79EFBC}") = "Snooker", "Snooker.csproj", "{09E25C4A-76BB-4BD5-BA3D-B10E57226A54}"
EndProject
Global
	GlobalSection(SolutionConfigurationPlatforms) = preSolution
		Debug|Any CPU = Debug|Any CPU
		Release|Any CPU = Release|Any CPU
	EndGlobalSection
	GlobalSection(ProjectConfigurationPlatforms) = postSolution
		{09E25C4A-76BB-4BD5-BA3D-B10E57226A54}.Debug|Any CPU.ActiveCfg = Debug|Any CPU
		{09E25C4A-76BB-4BD5-BA3D-B10E57226A54}.Debug|Any CPU.Build.0 = Debug|Any CPU
		{09E25C4A-76BB-4BD5-BA3D-B10E57226A54}.Release|Any CPU.ActiveCfg = Release|Any CPU
		{09E25C4A-76BB-4BD5-BA3D-B10E57226A54}.Release|Any CPU.Build.0 = Release|Any CPU
	EndGlobalSection
	GlobalSection(SolutionProperties) = preSolution
		HideSolutionNode = FALSE
	EndGlobalSection
	GlobalSection(ExtensibilityGlobals) = postSolution
		SolutionGuid = {1D1D3474-837C-47AD-B462-21059921D5EB}
	EndGlobalSection
EndGlobal
